
Microsoft Visual Studio Solution File, Format Version 12.00
# Visual Studio Version 16
VisualStudioVersion = 16.0.31911.196
MinimumVisualStudioVersion = 10.0.40219.1
Project("{FAE04EC0-301F-11D3-BF4B-00C04F79EFBC}") = "Zadanie1", "Zadanie1\Zadanie1.csproj", "{8AED3837-5BBB-4F3F-93A5-3204893F03EF}"
EndProject
Project("{FAE04EC0-301F-11D3-BF4B-00C04F79EFBC}") = "Zadanie1UnitTests", "Zadanie1UnitTests\Zadanie1UnitTests.csproj", "{29BE4C72-4F45-443B-A763-D40FCED1A9D3}"
EndProject
Global
	GlobalSection(SolutionConfigurationPlatforms) = preSolution
		Debug|Any CPU = Debug|Any CPU
		Release|Any CPU = Release|Any CPU
	EndGlobalSection
	GlobalSection(ProjectConfigurationPlatforms) = postSolution
		{8AED3837-5BBB-4F3F-93A5-3204893F03EF}.Debug|Any CPU.ActiveCfg = Debug|Any CPU
		{8AED3837-5BBB-4F3F-93A5-3204893F03EF}.Debug|Any CPU.Build.0 = Debug|Any CPU
		{8AED3837-5BBB-4F3F-93A5-3204893F03EF}.Release|Any CPU.ActiveCfg = Release|Any CPU
		{8AED3837-5BBB-4F3F-93A5-3204893F03EF}.Release|Any CPU.Build.0 = Release|Any CPU
		{29BE4C72-4F45-443B-A763-D40FCED1A9D3}.Debug|Any CPU.ActiveCfg = Debug|Any CPU
		{29BE4C72-4F45-443B-A763-D40FCED1A9D3}.Debug|Any CPU.Build.0 = Debug|Any CPU
		{29BE4C72-4F45-443B-A763-D40FCED1A9D3}.Release|Any CPU.ActiveCfg = Release|Any CPU
		{29BE4C72-4F45-443B-A763-D40FCED1A9D3}.Release|Any CPU.Build.0 = Release|Any CPU
	EndGlobalSection
	GlobalSection(SolutionProperties) = preSolution
		HideSolutionNode = FALSE
	EndGlobalSection
	GlobalSection(ExtensibilityGlobals) = postSolution
		SolutionGuid = {B9D5284C-CEDF-4D45-9537-B8703B52814A}
	EndGlobalSection
EndGlobal
